
Microsoft Visual Studio Solution File, Format Version 12.00
# Visual Studio Version 17
VisualStudioVersion = 17.0.32126.317
MinimumVisualStudioVersion = 10.0.40219.1
Project("{FAE04EC0-301F-11D3-BF4B-00C04F79EFBC}") = "functions", "functions.csproj", "{66757007-1E9E-45DD-8E72-831B4E89E013}"
EndProject
Global
	GlobalSection(SolutionConfigurationPlatforms) = preSolution
		Debug|Any CPU = Debug|Any CPU
		Release|Any CPU = Release|Any CPU
	EndGlobalSection
	GlobalSection(ProjectConfigurationPlatforms) = postSolution
		{66757007-1E9E-45DD-8E72-831B4E89E013}.Debug|Any CPU.ActiveCfg = Debug|Any CPU
		{66757007-1E9E-45DD-8E72-831B4E89E013}.Debug|Any CPU.Build.0 = Debug|Any CPU
		{66757007-1E9E-45DD-8E72-831B4E89E013}.Release|Any CPU.ActiveCfg = Release|Any CPU
		{66757007-1E9E-45DD-8E72-831B4E89E013}.Release|Any CPU.Build.0 = Release|Any CPU
	EndGlobalSection
	GlobalSection(SolutionProperties) = preSolution
		HideSolutionNode = FALSE
	EndGlobalSection
	GlobalSection(ExtensibilityGlobals) = postSolution
		SolutionGuid = {5BB255C5-F3F5-4F54-9D42-124BDAC05A5B}
	EndGlobalSection
EndGlobal
